
Microsoft Visual Studio Solution File, Format Version 12.00
# Visual Studio 15
VisualStudioVersion = 15.0.28307.421
MinimumVisualStudioVersion = 10.0.40219.1
Project("{8BC9CEB8-8B4A-11D0-8D11-00A0C91BC942}") = "Laboratornaya 5", "Laboratornaya 5\Laboratornaya 5.vcxproj", "{9CF8D6CA-8634-499D-B7AA-A97378E3957A}"
EndProject
Global
	GlobalSection(SolutionConfigurationPlatforms) = preSolution
		Debug|x64 = Debug|x64
		Debug|x86 = Debug|x86
		Release|x64 = Release|x64
		Release|x86 = Release|x86
	EndGlobalSection
	GlobalSection(ProjectConfigurationPlatforms) = postSolution
		{9CF8D6CA-8634-499D-B7AA-A97378E3957A}.Debug|x64.ActiveCfg = Debug|x64
		{9CF8D6CA-8634-499D-B7AA-A97378E3957A}.Debug|x64.Build.0 = Debug|x64
		{9CF8D6CA-8634-499D-B7AA-A97378E3957A}.Debug|x86.ActiveCfg = Debug|Win32
		{9CF8D6CA-8634-499D-B7AA-A97378E3957A}.Debug|x86.Build.0 = Debug|Win32
		{9CF8D6CA-8634-499D-B7AA-A97378E3957A}.Release|x64.ActiveCfg = Release|x64
		{9CF8D6CA-8634-499D-B7AA-A97378E3957A}.Release|x64.Build.0 = Release|x64
		{9CF8D6CA-8634-499D-B7AA-A97378E3957A}.Release|x86.ActiveCfg = Release|Win32
		{9CF8D6CA-8634-499D-B7AA-A97378E3957A}.Release|x86.Build.0 = Release|Win32
	EndGlobalSection
	GlobalSection(SolutionProperties) = preSolution
		HideSolutionNode = FALSE
	EndGlobalSection
	GlobalSection(ExtensibilityGlobals) = postSolution
		SolutionGuid = {9DDC21D3-26DB-42ED-BDE0-8C66C08CDC01}
	EndGlobalSection
EndGlobal
